// !$*UTF8*$!
{
	archiveVersion = 1;
	classes = {
	};
	objectVersion = 77;
	objects = {

/* Begin PBXContainerItemProxy section */
		AAEBE0CA305AB41200FC50A7 /* PBXContainerItemProxy */ = {
			isa = PBXContainerItemProxy;
			containerPortal = AAEBE0B2305AB41100FC50A7 /* Project object */;
			proxyType = 1;
			remoteGlobalIDString = AAEBE0B9305AB41100FC50A7;
			remoteInfo = "Daily Planner App";
		};
		AAEBE0D4305AB41200FC50A7 /* PBXContainerItemProxy */ = {
			isa = PBXContainerItemProxy;
			containerPortal = AAEBE0B2305AB41100FC50A7 /* Project object */;
			proxyType = 1;
			remoteGlobalIDString = AAEBE0B9305AB41100FC50A7;
			remoteInfo = "Daily Planner App";
		};
/* End PBXContainerItemProxy section */

/* Begin PBXFileReference section */
		AAEBE0BA305AB41100FC50A7 /* Daily Planner App.app */ = {isa = PBXFileReference; explicitFileType = wrapper.application; includeInIndex = 0; path = "Daily Planner App.app"; sourceTree = BUILT_PRODUCTS_DIR; };
		AAEBE0C9305AB41200FC50A7 /* Daily Planner AppTests.xctest */ = {isa = PBXFileReference; explicitFileType = wrapper.cfbundle; includeInIndex = 0; path = "Daily Planner AppTests.xctest"; sourceTree = BUILT_PRODUCTS_DIR; };
		AAEBE0D3305AB41200FC50A7 /* Daily Planner AppUITests.xctest */ = {isa = PBXFileReference; explicitFileType = wrapper.cfbundle; includeInIndex = 0; path = "Daily Planner AppUITests.xctest"; sourceTree = BUILT_PRODUCTS_DIR; };
		AAEBE0F6305AB51100FC50A7 /* Untitled.swift */ = {isa = PBXFileReference; lastKnownFileType = sourcecode.swift; path = Untitled.swift; sourceTree = "<group>"; };
/* End PBXFileReference section */

/* Begin PBXFileSystemSynchronizedRootGroup section */
		AAEBE0BC305AB41100FC50A7 /* Daily Planner App */ = {
			isa = PBXFileSystemSynchronizedRootGroup;
			path = "Daily Planner App";
			sourceTree = "<group>";
		};
		AAEBE0CC305AB41200FC50A7 /* Daily Planner AppTests */ = {
			isa = PBXFileSystemSynchronizedRootGroup;
			path = "Daily Planner AppTests";
			sourceTree = "<group>";
		};
		AAEBE0D6305AB41200FC50A7 /* Daily Planner AppUITests */ = {
			isa = PBXFileSystemSynchronizedRootGroup;
			path = "Daily Planner AppUITests";
			sourceTree = "<group>";
		};
/* End PBXFileSystemSynchronizedRootGroup section */

/* Begin PBXFrameworksBuildPhase section */
		AAEBE0B7305AB41100FC50A7 /* Frameworks */ = {
			isa = PBXFrameworksBuildPhase;
			buildActionMask = 2147483647;
			files = (
			);
			runOnlyForDeploymentPostprocessing = 0;
		};
		AAEBE0C6305AB41200FC50A7 /* Frameworks */ = {
			isa = PBXFrameworksBuildPhase;
			buildActionMask = 2147483647;
			files = (
			);
			runOnlyForDeploymentPostprocessing = 0;
		};
		AAEBE0D0305AB41200FC50A7 /* Frameworks */ = {
			isa = PBXFrameworksBuildPhase;
			buildActionMask = 2147483647;
			files = (
			);
			runOnlyForDeploymentPostprocessing = 0;
		};
/* End PBXFrameworksBuildPhase section */

/* Begin PBXGroup section */
		AAEBE0B1305AB41100FC50A7 = {
			isa = PBXGroup;
			children = (
				AAEBE0BC305AB41100FC50A7 /* Daily Planner App */,
				AAEBE0CC305AB41200FC50A7 /* Daily Planner AppTests */,
				AAEBE0D6305AB41200FC50A7 /* Daily Planner AppUITests */,
				AAEBE0BB305AB41100FC50A7 /* readme.md */,
				AAEBE0F6305AB51100FC50A7 /* Untitled.swift */,
			);
			sourceTree = "<group>";
		};
		AAEBE0BB305AB41100FC50A7 /* readme.md */ = {
			isa = PBXGroup;
			children = (
				AAEBE0BA305AB41100FC50A7 /* Daily Planner App.app */,
				AAEBE0C9305AB41200FC50A7 /* Daily Planner AppTests.xctest */,
				AAEBE0D3305AB41200FC50A7 /* Daily Planner AppUITests.xctest */,
			);
			name = readme.md;
			sourceTree = "<group>";
		};
/* End PBXGroup section */

/* Begin PBXNativeTarget section */
		AAEBE0B9305AB41100FC50A7 /* Daily Planner App */ = {
			isa = PBXNativeTarget;
			buildConfigurationList = AAEBE0DD305AB41200FC50A7 /* Build configuration list for PBXNativeTarget "Daily Planner App" */;
			buildPhases = (
				AAEBE0B6305AB41100FC50A7 /* Sources */,
				AAEBE0B7305AB41100FC50A7 /* Frameworks */,
				AAEBE0B8305AB41100FC50A7 /* Resources */,
			);
			buildRules = (
			);
			dependencies = (
			);
			fileSystemSynchronizedGroups = (
				AAEBE0BC305AB41100FC50A7 /* Daily Planner App */,
			);
			name = "Daily Planner App";
			packageProductDependencies = (
			);
			productName = "Daily Planner App";
			productReference = AAEBE0BA305AB41100FC50A7 /* Daily Planner App.app */;
			productType = "com.apple.product-type.application";
		};
		AAEBE0C8305AB41200FC50A7 /* Daily Planner AppTests */ = {
			isa = PBXNativeTarget;
			buildConfigurationList = AAEBE0E0305AB41200FC50A7 /* Build configuration list for PBXNativeTarget "Daily Planner AppTests" */;
			buildPhases = (
				AAEBE0C5305AB41200FC50A7 /* Sources */,
				AAEBE0C6305AB41200FC50A7 /* Frameworks */,
				AAEBE0C7305AB41200FC50A7 /* Resources */,
			);
			buildRules = (
			);
			dependencies = (
				AAEBE0CB305AB41200FC50A7 /* PBXTargetDependency */,
			);
			fileSystemSynchronizedGroups = (
				AAEBE0CC305AB41200FC50A7 /* Daily Planner AppTests */,
			);
			name = "Daily Planner AppTests";
			packageProductDependencies = (
			);
			productName = "Daily Planner AppTests";
			productReference = AAEBE0C9305AB41200FC50A7 /* Daily Planner AppTests.xctest */;
			productType = "com.apple.product-type.bundle.unit-test";
		};
		AAEBE0D2305AB41200FC50A7 /* Daily Planner AppUITests */ = {
			isa = PBXNativeTarget;
			buildConfigurationList = AAEBE0E3305AB41200FC50A7 /* Build configuration list for PBXNativeTarget "Daily Planner AppUITests" */;
			buildPhases = (
				AAEBE0CF305AB41200FC50A7 /* Sources */,
				AAEBE0D0305AB41200FC50A7 /* Frameworks */,
				AAEBE0D1305AB41200FC50A7 /* Resources */,
			);
			buildRules = (
			);
			dependencies = (
				AAEBE0D5305AB41200FC50A7 /* PBXTargetDependency */,
			);
			fileSystemSynchronizedGroups = (
				AAEBE0D6305AB41200FC50A7 /* Daily Planner AppUITests */,
			);
			name = "Daily Planner AppUITests";
			packageProductDependencies = (
			);
			productName = "Daily Planner AppUITests";
			productReference = AAEBE0D3305AB41200FC50A7 /* Daily Planner AppUITests.xctest */;
			productType = "com.apple.product-type.bundle.ui-testing";
		};
/* End PBXNativeTarget section */

/* Begin PBXProject section */
		AAEBE0B2305AB41100FC50A7 /* Project object */ = {
			isa = PBXProject;
			attributes = {
				BuildIndependentTargetsInParallel = 1;
				LastSwiftUpdateCheck = 2630;
				LastUpgradeCheck = 2630;
				TargetAttributes = {
					AAEBE0B9305AB41100FC50A7 = {
						CreatedOnToolsVersion = 26.3;
					};
					AAEBE0C8305AB41200FC50A7 = {
						CreatedOnToolsVersion = 26.3;
						TestTargetID = AAEBE0B9305AB41100FC50A7;
					};
					AAEBE0D2305AB41200FC50A7 = {
						CreatedOnToolsVersion = 26.3;
						TestTargetID = AAEBE0B9305AB41100FC50A7;
					};
				};
			};
			buildConfigurationList = AAEBE0B5305AB41100FC50A7 /* Build configuration list for PBXProject "Daily Planner App" */;
			developmentRegion = en;
			hasScannedForEncodings = 0;
			knownRegions = (
				en,
				Base,
			);
			mainGroup = AAEBE0B1305AB41100FC50A7;
			minimizedProjectReferenceProxies = 1;
			preferredProjectObjectVersion = 77;
			productRefGroup = AAEBE0BB305AB41100FC50A7 /* readme.md */;
			projectDirPath = "";
			projectRoot = "";
			targets = (
				AAEBE0B9305AB41100FC50A7 /* Daily Planner App */,
				AAEBE0C8305AB41200FC50A7 /* Daily Planner AppTests */,
				AAEBE0D2305AB41200FC50A7 /* Daily Planner AppUITests */,
			);
		};
/* End PBXProject section */

/* Begin PBXResourcesBuildPhase section */
		AAEBE0B8305AB41100FC50A7 /* Resources */ = {
			isa = PBXResourcesBuildPhase;
			buildActionMask = 2147483647;
			files = (
			);
			runOnlyForDeploymentPostprocessing = 0;
		};
		AAEBE0C7305AB41200FC50A7 /* Resources */ = {
			isa = PBXResourcesBuildPhase;
			buildActionMask = 2147483647;
			files = (
			);
			runOnlyForDeploymentPostprocessing = 0;
		};
		AAEBE0D1305AB41200FC50A7 /* Resources */ = {
			isa = PBXResourcesBuildPhase;
			buildActionMask = 2147483647;
			files = (
			);
			runOnlyForDeploymentPostprocessing = 0;
		};
/* End PBXResourcesBuildPhase section */

/* Begin PBXSourcesBuildPhase section */
		AAEBE0B6305AB41100FC50A7 /* Sources */ = {
			isa = PBXSourcesBuildPhase;
			buildActionMask = 2147483647;
			files = (
			);
			runOnlyForDeploymentPostprocessing = 0;
		};
		AAEBE0C5305AB41200FC50A7 /* Sources */ = {
			isa = PBXSourcesBuildPhase;
			buildActionMask = 2147483647;
			files = (
			);
			runOnlyForDeploymentPostprocessing = 0;
		};
		AAEBE0CF305AB41200FC50A7 /* Sources */ = {
			isa = PBXSourcesBuildPhase;
			buildActionMask = 2147483647;
			files = (
			);
			runOnlyForDeploymentPostprocessing = 0;
		};
/* End PBXSourcesBuildPhase section */

/* Begin PBXTargetDependency section */
		AAEBE0CB305AB41200FC50A7 /* PBXTargetDependency */ = {
			isa = PBXTargetDependency;
			target = AAEBE0B9305AB41100FC50A7 /* Daily Planner App */;
			targetProxy = AAEBE0CA305AB41200FC50A7 /* PBXContainerItemProxy */;
		};
		AAEBE0D5305AB41200FC50A7 /* PBXTargetDependency */ = {
			isa = PBXTargetDependency;
			target = AAEBE0B9305AB41100FC50A7 /* Daily Planner App */;
			targetProxy = AAEBE0D4305AB41200FC50A7 /* PBXContainerItemProxy */;
		};
/* End PBXTargetDependency section */

/* Begin XCBuildConfiguration section */
		AAEBE0DB305AB41200FC50A7 /* Debug */ = {
			isa = XCBuildConfiguration;
			buildSettings = {
				ALWAYS_SEARCH_USER_PATHS = NO;
				ASSETCATALOG_COMPILER_GENERATE_SWIFT_ASSET_SYMBOL_EXTENSIONS = YES;
				CLANG_ANALYZER_NONNULL = YES;
				CLANG_ANALYZER_NUMBER_OBJECT_CONVERSION = YES_AGGRESSIVE;
				CLANG_CXX_LANGUAGE_STANDARD = "gnu++20";
				CLANG_ENABLE_MODULES = YES;
				CLANG_ENABLE_OBJC_ARC = YES;
				CLANG_ENABLE_OBJC_WEAK = YES;
				CLANG_WARN_BLOCK_CAPTURE_AUTORELEASING = YES;
				CLANG_WARN_BOOL_CONVERSION = YES;
				CLANG_WARN_COMMA = YES;
				CLANG_WARN_CONSTANT_CONVERSION = YES;
				CLANG_WARN_DEPRECATED_OBJC_IMPLEMENTATIONS = YES;
				CLANG_WARN_DIRECT_OBJC_ISA_USAGE = YES_ERROR;
				CLANG_WARN_DOCUMENTATION_COMMENTS = YES;
				CLANG_WARN_EMPTY_BODY = YES;
				CLANG_WARN_ENUM_CONVERSION = YES;
				CLANG_WARN_INFINITE_RECURSION = YES;
				CLANG_WARN_INT_CONVERSION = YES;
				CLANG_WARN_NON_LITERAL_NULL_CONVERSION = YES;
				CLANG_WARN_OBJC_IMPLICIT_RETAIN_SELF = YES;
				CLANG_WARN_OBJC_LITERAL_CONVERSION = YES;
				CLANG_WARN_OBJC_ROOT_CLASS = YES_ERROR;
				CLANG_WARN_QUOTED_INCLUDE_IN_FRAMEWORK_HEADER = YES;
				CLANG_WARN_RANGE_LOOP_ANALYSIS = YES;
				CLANG_WARN_STRICT_PROTOTYPES = YES;
				CLANG_WARN_SUSPICIOUS_MOVE = YES;
				CLANG_WARN_UNGUARDED_AVAILABILITY = YES_AGGRESSIVE;
				CLANG_WARN_UNREACHABLE_CODE = YES;
				CLANG_WARN__DUPLICATE_METHOD_MATCH = YES;
				COPY_PHASE_STRIP = NO;
				DEBUG_INFORMATION_FORMAT = dwarf;
				ENABLE_STRICT_OBJC_MSGSEND = YES;
				ENABLE_TESTABILITY = YES;
				ENABLE_USER_SCRIPT_SANDBOXING = YES;
				GCC_C_LANGUAGE_STANDARD = gnu17;
				GCC_DYNAMIC_NO_PIC = NO;
				GCC_NO_COMMON_BLOCKS = YES;
				GCC_OPTIMIZATION_LEVEL = 0;
				GCC_PREPROCESSOR_DEFINITIONS = (
					"DEBUG=1",
					"$(inherited)",
				);
				GCC_WARN_64_TO_32_BIT_CONVERSION = YES;
				GCC_WARN_ABOUT_RETURN_TYPE = YES_ERROR;
				GCC_WARN_UNDECLARED_SELECTOR = YES;
				GCC_WARN_UNINITIALIZED_AUTOS = YES_AGGRESSIVE;
				GCC_WARN_UNUSED_FUNCTION = YES;
				GCC_WARN_UNUSED_VARIABLE = YES;
				IPHONEOS_DEPLOYMENT_TARGET = 26.2;
				LOCALIZATION_PREFERS_STRING_CATALOGS = YES;
				MTL_ENABLE_DEBUG_INFO = INCLUDE_SOURCE;
				MTL_FAST_MATH = YES;
				ONLY_ACTIVE_ARCH = YES;
				SDKROOT = iphoneos;
				SWIFT_ACTIVE_COMPILATION_CONDITIONS = "DEBUG $(inherited)";
				SWIFT_OPTIMIZATION_LEVEL = "-Onone";
			};
			name = Debug;
		};
		AAEBE0DC305AB41200FC50A7 /* Release */ = {
			isa = XCBuildConfiguration;
			buildSettings = {
				ALWAYS_SEARCH_USER_PATHS = NO;
				ASSETCATALOG_COMPILER_GENERATE_SWIFT_ASSET_SYMBOL_EXTENSIONS = YES;
				CLANG_ANALYZER_NONNULL = YES;
				CLANG_ANALYZER_NUMBER_OBJECT_CONVERSION = YES_AGGRESSIVE;
				CLANG_CXX_LANGUAGE_STANDARD = "gnu++20";
				CLANG_ENABLE_MODULES = YES;
				CLANG_ENABLE_OBJC_ARC = YES;
				CLANG_ENABLE_OBJC_WEAK = YES;
				CLANG_WARN_BLOCK_CAPTURE_AUTORELEASING = YES;
				CLANG_WARN_BOOL_CONVERSION = YES;
				CLANG_WARN_COMMA = YES;
				CLANG_WARN_CONSTANT_CONVERSION = YES;
				CLANG_WARN_DEPRECATED_OBJC_IMPLEMENTATIONS = YES;
				CLANG_WARN_DIRECT_OBJC_ISA_USAGE = YES_ERROR;
				CLANG_WARN_DOCUMENTATION_COMMENTS = YES;
				CLANG_WARN_EMPTY_BODY = YES;
				CLANG_WARN_ENUM_CONVERSION = YES;
				CLANG_WARN_INFINITE_RECURSION = YES;
				CLANG_WARN_INT_CONVERSION = YES;
				CLANG_WARN_NON_LITERAL_NULL_CONVERSION = YES;
				CLANG_WARN_OBJC_IMPLICIT_RETAIN_SELF = YES;
				CLANG_WARN_OBJC_LITERAL_CONVERSION = YES;
				CLANG_WARN_OBJC_ROOT_CLASS = YES_ERROR;
				CLANG_WARN_QUOTED_INCLUDE_IN_FRAMEWORK_HEADER = YES;
				CLANG_WARN_RANGE_LOOP_ANALYSIS = YES;
				CLANG_WARN_STRICT_PROTOTYPES = YES;
				CLANG_WARN_SUSPICIOUS_MOVE = YES;
				CLANG_WARN_UNGUARDED_AVAILABILITY = YES_AGGRESSIVE;
				CLANG_WARN_UNREACHABLE_CODE = YES;
				CLANG_WARN__DUPLICATE_METHOD_MATCH = YES;
				COPY_PHASE_STRIP = NO;
				DEBUG_INFORMATION_FORMAT = "dwarf-with-dsym";
				ENABLE_NS_ASSERTIONS = NO;
				ENABLE_STRICT_OBJC_MSGSEND = YES;
				ENABLE_USER_SCRIPT_SANDBOXING = YES;
				GCC_C_LANGUAGE_STANDARD = gnu17;
				GCC_NO_COMMON_BLOCKS = YES;
				GCC_WARN_64_TO_32_BIT_CONVERSION = YES;
				GCC_WARN_ABOUT_RETURN_TYPE = YES_ERROR;
				GCC_WARN_UNDECLARED_SELECTOR = YES;
				GCC_WARN_UNINITIALIZED_AUTOS = YES_AGGRESSIVE;
				GCC_WARN_UNUSED_FUNCTION = YES;
				GCC_WARN_UNUSED_VARIABLE = YES;
				IPHONEOS_DEPLOYMENT_TARGET = 26.2;
				LOCALIZATION_PREFERS_STRING_CATALOGS = YES;
				MTL_ENABLE_DEBUG_INFO = NO;
				MTL_FAST_MATH = YES;
				SDKROOT = iphoneos;
				SWIFT_COMPILATION_MODE = wholemodule;
				VALIDATE_PRODUCT = YES;
			};
			name = Release;
		};
		AAEBE0DE305AB41200FC50A7 /* Debug */ = {
			isa = XCBuildConfiguration;
			buildSettings = {
				ASSETCATALOG_COMPILER_APPICON_NAME = AppIcon;
				ASSETCATALOG_COMPILER_GLOBAL_ACCENT_COLOR_NAME = AccentColor;
				CODE_SIGN_STYLE = Automatic;
				CURRENT_PROJECT_VERSION = 1;
				ENABLE_PREVIEWS = YES;
				GENERATE_INFOPLIST_FILE = YES;
				INFOPLIST_KEY_UIApplicationSceneManifest_Generation = YES;
				INFOPLIST_KEY_UIApplicationSupportsIndirectInputEvents = YES;
				INFOPLIST_KEY_UILaunchScreen_Generation = YES;
				INFOPLIST_KEY_UISupportedInterfaceOrientations_iPad = "UIInterfaceOrientationPortrait UIInterfaceOrientationPortraitUpsideDown UIInterfaceOrientationLandscapeLeft UIInterfaceOrientationLandscapeRight";
				INFOPLIST_KEY_UISupportedInterfaceOrientations_iPhone = "UIInterfaceOrientationPortrait UIInterfaceOrientationLandscapeLeft UIInterfaceOrientationLandscapeRight";
				LD_RUNPATH_SEARCH_PATHS = (
					"$(inherited)",
					"@executable_path/Frameworks",
				);
				MARKETING_VERSION = 1.0;
				PRODUCT_BUNDLE_IDENTIFIER = "com.example.Daily-Planner-App";
				PRODUCT_NAME = "$(TARGET_NAME)";
				STRING_CATALOG_GENERATE_SYMBOLS = YES;
				SWIFT_APPROACHABLE_CONCURRENCY = YES;
				SWIFT_DEFAULT_ACTOR_ISOLATION = MainActor;
				SWIFT_EMIT_LOC_STRINGS = YES;
				SWIFT_UPCOMING_FEATURE_MEMBER_IMPORT_VISIBILITY = YES;
				SWIFT_VERSION = 5.0;
				TARGETED_DEVICE_FAMILY = "1,2";
			};
			name = Debug;
		};
		AAEBE0DF305AB41200FC50A7 /* Release */ = {
			isa = XCBuildConfiguration;
			buildSettings = {
				ASSETCATALOG_COMPILER_APPICON_NAME = AppIcon;
				ASSETCATALOG_COMPILER_GLOBAL_ACCENT_COLOR_NAME = AccentColor;
				CODE_SIGN_STYLE = Automatic;
				CURRENT_PROJECT_VERSION = 1;
				ENABLE_PREVIEWS = YES;
				GENERATE_INFOPLIST_FILE = YES;
				INFOPLIST_KEY_UIApplicationSceneManifest_Generation = YES;
				INFOPLIST_KEY_UIApplicationSupportsIndirectInputEvents = YES;
				INFOPLIST_KEY_UILaunchScreen_Generation = YES;
				INFOPLIST_KEY_UISupportedInterfaceOrientations_iPad = "UIInterfaceOrientationPortrait UIInterfaceOrientationPortraitUpsideDown UIInterfaceOrientationLandscapeLeft UIInterfaceOrientationLandscapeRight";
				INFOPLIST_KEY_UISupportedInterfaceOrientations_iPhone = "UIInterfaceOrientationPortrait UIInterfaceOrientationLandscapeLeft UIInterfaceOrientationLandscapeRight";
				LD_RUNPATH_SEARCH_PATHS = (
					"$(inherited)",
					"@executable_path/Frameworks",
				);
				MARKETING_VERSION = 1.0;
				PRODUCT_BUNDLE_IDENTIFIER = "com.example.Daily-Planner-App";
				PRODUCT_NAME = "$(TARGET_NAME)";
				STRING_CATALOG_GENERATE_SYMBOLS = YES;
				SWIFT_APPROACHABLE_CONCURRENCY = YES;
				SWIFT_DEFAULT_ACTOR_ISOLATION = MainActor;
				SWIFT_EMIT_LOC_STRINGS = YES;
				SWIFT_UPCOMING_FEATURE_MEMBER_IMPORT_VISIBILITY = YES;
				SWIFT_VERSION = 5.0;
				TARGETED_DEVICE_FAMILY = "1,2";
			};
			name = Release;
		};
		AAEBE0E1305AB41200FC50A7 /* Debug */ = {
			isa = XCBuildConfiguration;
			buildSettings = {
				BUNDLE_LOADER = "$(TEST_HOST)";
				CODE_SIGN_STYLE = Automatic;
				CURRENT_PROJECT_VERSION = 1;
				GENERATE_INFOPLIST_FILE = YES;
				IPHONEOS_DEPLOYMENT_TARGET = 26.2;
				MARKETING_VERSION = 1.0;
				PRODUCT_BUNDLE_IDENTIFIER = "com.example.Daily-Planner-AppTests";
				PRODUCT_NAME = "$(TARGET_NAME)";
				STRING_CATALOG_GENERATE_SYMBOLS = NO;
				SWIFT_APPROACHABLE_CONCURRENCY = YES;
				SWIFT_EMIT_LOC_STRINGS = NO;
				SWIFT_UPCOMING_FEATURE_MEMBER_IMPORT_VISIBILITY = YES;
				SWIFT_VERSION = 5.0;
				TARGETED_DEVICE_FAMILY = "1,2";
				TEST_HOST = "$(BUILT_PRODUCTS_DIR)/Daily Planner App.app/$(BUNDLE_EXECUTABLE_FOLDER_PATH)/Daily Planner App";
			};
			name = Debug;
		};
		AAEBE0E2305AB41200FC50A7 /* Release */ = {
			isa = XCBuildConfiguration;
			buildSettings = {
				BUNDLE_LOADER = "$(TEST_HOST)";
				CODE_SIGN_STYLE = Automatic;
				CURRENT_PROJECT_VERSION = 1;
				GENERATE_INFOPLIST_FILE = YES;
				IPHONEOS_DEPLOYMENT_TARGET = 26.2;
				MARKETING_VERSION = 1.0;
				PRODUCT_BUNDLE_IDENTIFIER = "com.example.Daily-Planner-AppTests";
				PRODUCT_NAME = "$(TARGET_NAME)";
				STRING_CATALOG_GENERATE_SYMBOLS = NO;
				SWIFT_APPROACHABLE_CONCURRENCY = YES;
				SWIFT_EMIT_LOC_STRINGS = NO;
				SWIFT_UPCOMING_FEATURE_MEMBER_IMPORT_VISIBILITY = YES;
				SWIFT_VERSION = 5.0;
				TARGETED_DEVICE_FAMILY = "1,2";
				TEST_HOST = "$(BUILT_PRODUCTS_DIR)/Daily Planner App.app/$(BUNDLE_EXECUTABLE_FOLDER_PATH)/Daily Planner App";
			};
			name = Release;
		};
		AAEBE0E4305AB41200FC50A7 /* Debug */ = {
			isa = XCBuildConfiguration;
			buildSettings = {
				CODE_SIGN_STYLE = Automatic;
				CURRENT_PROJECT_VERSION = 1;
				GENERATE_INFOPLIST_FILE = YES;
				MARKETING_VERSION = 1.0;
				PRODUCT_BUNDLE_IDENTIFIER = "com.example.Daily-Planner-AppUITests";
				PRODUCT_NAME = "$(TARGET_NAME)";
				STRING_CATALOG_GENERATE_SYMBOLS = NO;
				SWIFT_APPROACHABLE_CONCURRENCY = YES;
				SWIFT_EMIT_LOC_STRINGS = NO;
				SWIFT_UPCOMING_FEATURE_MEMBER_IMPORT_VISIBILITY = YES;
				SWIFT_VERSION = 5.0;
				TARGETED_DEVICE_FAMILY = "1,2";
				TEST_TARGET_NAME = "Daily Planner App";
			};
			name = Debug;
		};
		AAEBE0E5305AB41200FC50A7 /* Release */ = {
			isa = XCBuildConfiguration;
			buildSettings = {
				CODE_SIGN_STYLE = Automatic;
				CURRENT_PROJECT_VERSION = 1;
				GENERATE_INFOPLIST_FILE = YES;
				MARKETING_VERSION = 1.0;
				PRODUCT_BUNDLE_IDENTIFIER = "com.example.Daily-Planner-AppUITests";
				PRODUCT_NAME = "$(TARGET_NAME)";
				STRING_CATALOG_GENERATE_SYMBOLS = NO;
				SWIFT_APPROACHABLE_CONCURRENCY = YES;
				SWIFT_EMIT_LOC_STRINGS = NO;
				SWIFT_UPCOMING_FEATURE_MEMBER_IMPORT_VISIBILITY = YES;
				SWIFT_VERSION = 5.0;
				TARGETED_DEVICE_FAMILY = "1,2";
				TEST_TARGET_NAME = "Daily Planner App";
			};
			name = Release;
		};
/* End XCBuildConfiguration section */

/* Begin XCConfigurationList section */
		AAEBE0B5305AB41100FC50A7 /* Build configuration list for PBXProject "Daily Planner App" */ = {
			isa = XCConfigurationList;
			buildConfigurations = (
				AAEBE0DB305AB41200FC50A7 /* Debug */,
				AAEBE0DC305AB41200FC50A7 /* Release */,
			);
			defaultConfigurationIsVisible = 0;
			defaultConfigurationName = Release;
		};
		AAEBE0DD305AB41200FC50A7 /* Build configuration list for PBXNativeTarget "Daily Planner App" */ = {
			isa = XCConfigurationList;
			buildConfigurations = (
				AAEBE0DE305AB41200FC50A7 /* Debug */,
				AAEBE0DF305AB41200FC50A7 /* Release */,
			);
			defaultConfigurationIsVisible = 0;
			defaultConfigurationName = Release;
		};
		AAEBE0E0305AB41200FC50A7 /* Build configuration list for PBXNativeTarget "Daily Planner AppTests" */ = {
			isa = XCConfigurationList;
			buildConfigurations = (
				AAEBE0E1305AB41200FC50A7 /* Debug */,
				AAEBE0E2305AB41200FC50A7 /* Release */,
			);
			defaultConfigurationIsVisible = 0;
			defaultConfigurationName = Release;
		};
		AAEBE0E3305AB41200FC50A7 /* Build configuration list for PBXNativeTarget "Daily Planner AppUITests" */ = {
			isa = XCConfigurationList;
			buildConfigurations = (
				AAEBE0E4305AB41200FC50A7 /* Debug */,
				AAEBE0E5305AB41200FC50A7 /* Release */,
			);
			defaultConfigurationIsVisible = 0;
			defaultConfigurationName = Release;
		};
/* End XCConfigurationList section */
	};
	rootObject = AAEBE0B2305AB41100FC50A7 /* Project object */;
}
