// !$*UTF8*$!
{
	archiveVersion = 1;
	classes = {
	};
	objectVersion = 77;
	objects = {

/* Begin PBXBuildFile section */
		AAEBDF56305A81E200FC50A7 /* README.md in Resources */ = {isa = PBXBuildFile; fileRef = AAEBDF55305A81D600FC50A7 /* README.md */; };
/* End PBXBuildFile section */

/* Begin PBXContainerItemProxy section */
		AAEBDF36305A728C00FC50A7 /* PBXContainerItemProxy */ = {
			isa = PBXContainerItemProxy;
			containerPortal = AAEBDF1E305A728B00FC50A7 /* Project object */;
			proxyType = 1;
			remoteGlobalIDString = AAEBDF25305A728B00FC50A7;
			remoteInfo = StudentProfile;
		};
		AAEBDF40305A728C00FC50A7 /* PBXContainerItemProxy */ = {
			isa = PBXContainerItemProxy;
			containerPortal = AAEBDF1E305A728B00FC50A7 /* Project object */;
			proxyType = 1;
			remoteGlobalIDString = AAEBDF25305A728B00FC50A7;
			remoteInfo = StudentProfile;
		};
/* End PBXContainerItemProxy section */

/* Begin PBXFileReference section */
		AAEBDF26305A728B00FC50A7 /* StudentProfile.app */ = {isa = PBXFileReference; explicitFileType = wrapper.application; includeInIndex = 0; name = StudentProfile.app; path = "/Users/SESEIU24008/Downloads/StudentProfile/build/Debug-iphoneos/StudentProfile.app"; sourceTree = "<absolute>"; };
		AAEBDF35305A728C00FC50A7 /* StudentProfileTests.xctest */ = {isa = PBXFileReference; explicitFileType = wrapper.cfbundle; includeInIndex = 0; name = StudentProfileTests.xctest; path = "/Users/SESEIU24008/Downloads/StudentProfile/build/Debug-iphoneos/StudentProfile.app/PlugIns/StudentProfileTests.xctest"; sourceTree = "<absolute>"; };
		AAEBDF3F305A728C00FC50A7 /* StudentProfileUITests.xctest */ = {isa = PBXFileReference; explicitFileType = wrapper.cfbundle; includeInIndex = 0; name = StudentProfileUITests.xctest; path = "/Users/SESEIU24008/Downloads/StudentProfile/build/Debug-iphoneos/StudentProfileUITests-Runner.app/PlugIns/StudentProfileUITests.xctest"; sourceTree = "<absolute>"; };
		AAEBDF55305A81D600FC50A7 /* README.md */ = {isa = PBXFileReference; lastKnownFileType = net.daringfireball.markdown; path = README.md; sourceTree = "<group>"; };
/* End PBXFileReference section */

/* Begin PBXFileSystemSynchronizedRootGroup section */
		AAEBDF28305A728B00FC50A7 /* StudentProfile */ = {
			isa = PBXFileSystemSynchronizedRootGroup;
			path = StudentProfile;
			sourceTree = "<group>";
		};
		AAEBDF38305A728C00FC50A7 /* StudentProfileTests */ = {
			isa = PBXFileSystemSynchronizedRootGroup;
			path = StudentProfileTests;
			sourceTree = "<group>";
		};
		AAEBDF42305A728C00FC50A7 /* StudentProfileUITests */ = {
			isa = PBXFileSystemSynchronizedRootGroup;
			path = StudentProfileUITests;
			sourceTree = "<group>";
		};
/* End PBXFileSystemSynchronizedRootGroup section */

/* Begin PBXFrameworksBuildPhase section */
		AAEBDF23305A728B00FC50A7 /* Frameworks */ = {
			isa = PBXFrameworksBuildPhase;
			buildActionMask = 2147483647;
			files = (
			);
			runOnlyForDeploymentPostprocessing = 0;
		};
		AAEBDF32305A728C00FC50A7 /* Frameworks */ = {
			isa = PBXFrameworksBuildPhase;
			buildActionMask = 2147483647;
			files = (
			);
			runOnlyForDeploymentPostprocessing = 0;
		};
		AAEBDF3C305A728C00FC50A7 /* Frameworks */ = {
			isa = PBXFrameworksBuildPhase;
			buildActionMask = 2147483647;
			files = (
			);
			runOnlyForDeploymentPostprocessing = 0;
		};
/* End PBXFrameworksBuildPhase section */

/* Begin PBXGroup section */
		AAEBDF1D305A728B00FC50A7 = {
			isa = PBXGroup;
			children = (
				AAEBDF28305A728B00FC50A7 /* StudentProfile */,
				AAEBDF38305A728C00FC50A7 /* StudentProfileTests */,
				AAEBDF42305A728C00FC50A7 /* StudentProfileUITests */,
				AAEBDF55305A81D600FC50A7 /* README.md */,
			);
			sourceTree = "<group>";
		};
/* End PBXGroup section */

/* Begin PBXNativeTarget section */
		AAEBDF25305A728B00FC50A7 /* StudentProfile */ = {
			isa = PBXNativeTarget;
			buildConfigurationList = AAEBDF49305A728C00FC50A7 /* Build configuration list for PBXNativeTarget "StudentProfile" */;
			buildPhases = (
				AAEBDF22305A728B00FC50A7 /* Sources */,
				AAEBDF23305A728B00FC50A7 /* Frameworks */,
				AAEBDF24305A728B00FC50A7 /* Resources */,
			);
			buildRules = (
			);
			dependencies = (
			);
			fileSystemSynchronizedGroups = (
				AAEBDF28305A728B00FC50A7 /* StudentProfile */,
			);
			name = StudentProfile;
			packageProductDependencies = (
			);
			productName = StudentProfile;
			productReference = AAEBDF26305A728B00FC50A7 /* StudentProfile.app */;
			productType = "com.apple.product-type.application";
		};
		AAEBDF34305A728C00FC50A7 /* StudentProfileTests */ = {
			isa = PBXNativeTarget;
			buildConfigurationList = AAEBDF4C305A728C00FC50A7 /* Build configuration list for PBXNativeTarget "StudentProfileTests" */;
			buildPhases = (
				AAEBDF31305A728C00FC50A7 /* Sources */,
				AAEBDF32305A728C00FC50A7 /* Frameworks */,
				AAEBDF33305A728C00FC50A7 /* Resources */,
			);
			buildRules = (
			);
			dependencies = (
				AAEBDF37305A728C00FC50A7 /* PBXTargetDependency */,
			);
			fileSystemSynchronizedGroups = (
				AAEBDF38305A728C00FC50A7 /* StudentProfileTests */,
			);
			name = StudentProfileTests;
			packageProductDependencies = (
			);
			productName = StudentProfileTests;
			productReference = AAEBDF35305A728C00FC50A7 /* StudentProfileTests.xctest */;
			productType = "com.apple.product-type.bundle.unit-test";
		};
		AAEBDF3E305A728C00FC50A7 /* StudentProfileUITests */ = {
			isa = PBXNativeTarget;
			buildConfigurationList = AAEBDF4F305A728C00FC50A7 /* Build configuration list for PBXNativeTarget "StudentProfileUITests" */;
			buildPhases = (
				AAEBDF3B305A728C00FC50A7 /* Sources */,
				AAEBDF3C305A728C00FC50A7 /* Frameworks */,
				AAEBDF3D305A728C00FC50A7 /* Resources */,
			);
			buildRules = (
			);
			dependencies = (
				AAEBDF41305A728C00FC50A7 /* PBXTargetDependency */,
			);
			fileSystemSynchronizedGroups = (
				AAEBDF42305A728C00FC50A7 /* StudentProfileUITests */,
			);
			name = StudentProfileUITests;
			packageProductDependencies = (
			);
			productName = StudentProfileUITests;
			productReference = AAEBDF3F305A728C00FC50A7 /* StudentProfileUITests.xctest */;
			productType = "com.apple.product-type.bundle.ui-testing";
		};
/* End PBXNativeTarget section */

/* Begin PBXProject section */
		AAEBDF1E305A728B00FC50A7 /* Project object */ = {
			isa = PBXProject;
			attributes = {
				BuildIndependentTargetsInParallel = 1;
				LastSwiftUpdateCheck = 2630;
				LastUpgradeCheck = 2630;
				TargetAttributes = {
					AAEBDF25305A728B00FC50A7 = {
						CreatedOnToolsVersion = 26.3;
					};
					AAEBDF34305A728C00FC50A7 = {
						CreatedOnToolsVersion = 26.3;
						TestTargetID = AAEBDF25305A728B00FC50A7;
					};
					AAEBDF3E305A728C00FC50A7 = {
						CreatedOnToolsVersion = 26.3;
						TestTargetID = AAEBDF25305A728B00FC50A7;
					};
				};
			};
			buildConfigurationList = AAEBDF21305A728B00FC50A7 /* Build configuration list for PBXProject "StudentProfile" */;
			developmentRegion = en;
			hasScannedForEncodings = 0;
			knownRegions = (
				en,
				Base,
			);
			mainGroup = AAEBDF1D305A728B00FC50A7;
			minimizedProjectReferenceProxies = 1;
			preferredProjectObjectVersion = 77;
			productRefGroup = AAEBDF1D305A728B00FC50A7;
			projectDirPath = "";
			projectRoot = "";
			targets = (
				AAEBDF25305A728B00FC50A7 /* StudentProfile */,
				AAEBDF34305A728C00FC50A7 /* StudentProfileTests */,
				AAEBDF3E305A728C00FC50A7 /* StudentProfileUITests */,
			);
		};
/* End PBXProject section */

/* Begin PBXResourcesBuildPhase section */
		AAEBDF24305A728B00FC50A7 /* Resources */ = {
			isa = PBXResourcesBuildPhase;
			buildActionMask = 2147483647;
			files = (
				AAEBDF56305A81E200FC50A7 /* README.md in Resources */,
			);
			runOnlyForDeploymentPostprocessing = 0;
		};
		AAEBDF33305A728C00FC50A7 /* Resources */ = {
			isa = PBXResourcesBuildPhase;
			buildActionMask = 2147483647;
			files = (
			);
			runOnlyForDeploymentPostprocessing = 0;
		};
		AAEBDF3D305A728C00FC50A7 /* Resources */ = {
			isa = PBXResourcesBuildPhase;
			buildActionMask = 2147483647;
			files = (
			);
			runOnlyForDeploymentPostprocessing = 0;
		};
/* End PBXResourcesBuildPhase section */

/* Begin PBXSourcesBuildPhase section */
		AAEBDF22305A728B00FC50A7 /* Sources */ = {
			isa = PBXSourcesBuildPhase;
			buildActionMask = 2147483647;
			files = (
			);
			runOnlyForDeploymentPostprocessing = 0;
		};
		AAEBDF31305A728C00FC50A7 /* Sources */ = {
			isa = PBXSourcesBuildPhase;
			buildActionMask = 2147483647;
			files = (
			);
			runOnlyForDeploymentPostprocessing = 0;
		};
		AAEBDF3B305A728C00FC50A7 /* Sources */ = {
			isa = PBXSourcesBuildPhase;
			buildActionMask = 2147483647;
			files = (
			);
			runOnlyForDeploymentPostprocessing = 0;
		};
/* End PBXSourcesBuildPhase section */

/* Begin PBXTargetDependency section */
		AAEBDF37305A728C00FC50A7 /* PBXTargetDependency */ = {
			isa = PBXTargetDependency;
			target = AAEBDF25305A728B00FC50A7 /* StudentProfile */;
			targetProxy = AAEBDF36305A728C00FC50A7 /* PBXContainerItemProxy */;
		};
		AAEBDF41305A728C00FC50A7 /* PBXTargetDependency */ = {
			isa = PBXTargetDependency;
			target = AAEBDF25305A728B00FC50A7 /* StudentProfile */;
			targetProxy = AAEBDF40305A728C00FC50A7 /* PBXContainerItemProxy */;
		};
/* End PBXTargetDependency section */

/* Begin XCBuildConfiguration section */
		AAEBDF47305A728C00FC50A7 /* Debug */ = {
			isa = XCBuildConfiguration;
			buildSettings = {
				ALWAYS_SEARCH_USER_PATHS = NO;
				ASSETCATALOG_COMPILER_GENERATE_SWIFT_ASSET_SYMBOL_EXTENSIONS = YES;
				CLANG_ANALYZER_NONNULL = YES;
				CLANG_ANALYZER_NUMBER_OBJECT_CONVERSION = YES_AGGRESSIVE;
				CLANG_CXX_LANGUAGE_STANDARD = "gnu++20";
				CLANG_ENABLE_MODULES = YES;
				CLANG_ENABLE_OBJC_ARC = YES;
				CLANG_ENABLE_OBJC_WEAK = YES;
				CLANG_WARN_BLOCK_CAPTURE_AUTORELEASING = YES;
				CLANG_WARN_BOOL_CONVERSION = YES;
				CLANG_WARN_COMMA = YES;
				CLANG_WARN_CONSTANT_CONVERSION = YES;
				CLANG_WARN_DEPRECATED_OBJC_IMPLEMENTATIONS = YES;
				CLANG_WARN_DIRECT_OBJC_ISA_USAGE = YES_ERROR;
				CLANG_WARN_DOCUMENTATION_COMMENTS = YES;
				CLANG_WARN_EMPTY_BODY = YES;
				CLANG_WARN_ENUM_CONVERSION = YES;
				CLANG_WARN_INFINITE_RECURSION = YES;
				CLANG_WARN_INT_CONVERSION = YES;
				CLANG_WARN_NON_LITERAL_NULL_CONVERSION = YES;
				CLANG_WARN_OBJC_IMPLICIT_RETAIN_SELF = YES;
				CLANG_WARN_OBJC_LITERAL_CONVERSION = YES;
				CLANG_WARN_OBJC_ROOT_CLASS = YES_ERROR;
				CLANG_WARN_QUOTED_INCLUDE_IN_FRAMEWORK_HEADER = YES;
				CLANG_WARN_RANGE_LOOP_ANALYSIS = YES;
				CLANG_WARN_STRICT_PROTOTYPES = YES;
				CLANG_WARN_SUSPICIOUS_MOVE = YES;
				CLANG_WARN_UNGUARDED_AVAILABILITY = YES_AGGRESSIVE;
				CLANG_WARN_UNREACHABLE_CODE = YES;
				CLANG_WARN__DUPLICATE_METHOD_MATCH = YES;
				COPY_PHASE_STRIP = NO;
				DEBUG_INFORMATION_FORMAT = dwarf;
				ENABLE_STRICT_OBJC_MSGSEND = YES;
				ENABLE_TESTABILITY = YES;
				ENABLE_USER_SCRIPT_SANDBOXING = YES;
				GCC_C_LANGUAGE_STANDARD = gnu17;
				GCC_DYNAMIC_NO_PIC = NO;
				GCC_NO_COMMON_BLOCKS = YES;
				GCC_OPTIMIZATION_LEVEL = 0;
				GCC_PREPROCESSOR_DEFINITIONS = (
					"DEBUG=1",
					"$(inherited)",
				);
				GCC_WARN_64_TO_32_BIT_CONVERSION = YES;
				GCC_WARN_ABOUT_RETURN_TYPE = YES_ERROR;
				GCC_WARN_UNDECLARED_SELECTOR = YES;
				GCC_WARN_UNINITIALIZED_AUTOS = YES_AGGRESSIVE;
				GCC_WARN_UNUSED_FUNCTION = YES;
				GCC_WARN_UNUSED_VARIABLE = YES;
				IPHONEOS_DEPLOYMENT_TARGET = 26.2;
				LOCALIZATION_PREFERS_STRING_CATALOGS = YES;
				MTL_ENABLE_DEBUG_INFO = INCLUDE_SOURCE;
				MTL_FAST_MATH = YES;
				ONLY_ACTIVE_ARCH = YES;
				SDKROOT = iphoneos;
				SWIFT_ACTIVE_COMPILATION_CONDITIONS = "DEBUG $(inherited)";
				SWIFT_OPTIMIZATION_LEVEL = "-Onone";
			};
			name = Debug;
		};
		AAEBDF48305A728C00FC50A7 /* Release */ = {
			isa = XCBuildConfiguration;
			buildSettings = {
				ALWAYS_SEARCH_USER_PATHS = NO;
				ASSETCATALOG_COMPILER_GENERATE_SWIFT_ASSET_SYMBOL_EXTENSIONS = YES;
				CLANG_ANALYZER_NONNULL = YES;
				CLANG_ANALYZER_NUMBER_OBJECT_CONVERSION = YES_AGGRESSIVE;
				CLANG_CXX_LANGUAGE_STANDARD = "gnu++20";
				CLANG_ENABLE_MODULES = YES;
				CLANG_ENABLE_OBJC_ARC = YES;
				CLANG_ENABLE_OBJC_WEAK = YES;
				CLANG_WARN_BLOCK_CAPTURE_AUTORELEASING = YES;
				CLANG_WARN_BOOL_CONVERSION = YES;
				CLANG_WARN_COMMA = YES;
				CLANG_WARN_CONSTANT_CONVERSION = YES;
				CLANG_WARN_DEPRECATED_OBJC_IMPLEMENTATIONS = YES;
				CLANG_WARN_DIRECT_OBJC_ISA_USAGE = YES_ERROR;
				CLANG_WARN_DOCUMENTATION_COMMENTS = YES;
				CLANG_WARN_EMPTY_BODY = YES;
				CLANG_WARN_ENUM_CONVERSION = YES;
				CLANG_WARN_INFINITE_RECURSION = YES;
				CLANG_WARN_INT_CONVERSION = YES;
				CLANG_WARN_NON_LITERAL_NULL_CONVERSION = YES;
				CLANG_WARN_OBJC_IMPLICIT_RETAIN_SELF = YES;
				CLANG_WARN_OBJC_LITERAL_CONVERSION = YES;
				CLANG_WARN_OBJC_ROOT_CLASS = YES_ERROR;
				CLANG_WARN_QUOTED_INCLUDE_IN_FRAMEWORK_HEADER = YES;
				CLANG_WARN_RANGE_LOOP_ANALYSIS = YES;
				CLANG_WARN_STRICT_PROTOTYPES = YES;
				CLANG_WARN_SUSPICIOUS_MOVE = YES;
				CLANG_WARN_UNGUARDED_AVAILABILITY = YES_AGGRESSIVE;
				CLANG_WARN_UNREACHABLE_CODE = YES;
				CLANG_WARN__DUPLICATE_METHOD_MATCH = YES;
				COPY_PHASE_STRIP = NO;
				DEBUG_INFORMATION_FORMAT = "dwarf-with-dsym";
				ENABLE_NS_ASSERTIONS = NO;
				ENABLE_STRICT_OBJC_MSGSEND = YES;
				ENABLE_USER_SCRIPT_SANDBOXING = YES;
				GCC_C_LANGUAGE_STANDARD = gnu17;
				GCC_NO_COMMON_BLOCKS = YES;
				GCC_WARN_64_TO_32_BIT_CONVERSION = YES;
				GCC_WARN_ABOUT_RETURN_TYPE = YES_ERROR;
				GCC_WARN_UNDECLARED_SELECTOR = YES;
				GCC_WARN_UNINITIALIZED_AUTOS = YES_AGGRESSIVE;
				GCC_WARN_UNUSED_FUNCTION = YES;
				GCC_WARN_UNUSED_VARIABLE = YES;
				IPHONEOS_DEPLOYMENT_TARGET = 26.2;
				LOCALIZATION_PREFERS_STRING_CATALOGS = YES;
				MTL_ENABLE_DEBUG_INFO = NO;
				MTL_FAST_MATH = YES;
				SDKROOT = iphoneos;
				SWIFT_COMPILATION_MODE = wholemodule;
				VALIDATE_PRODUCT = YES;
			};
			name = Release;
		};
		AAEBDF4A305A728C00FC50A7 /* Debug */ = {
			isa = XCBuildConfiguration;
			buildSettings = {
				ASSETCATALOG_COMPILER_APPICON_NAME = AppIcon;
				ASSETCATALOG_COMPILER_GLOBAL_ACCENT_COLOR_NAME = AccentColor;
				CODE_SIGN_STYLE = Automatic;
				CURRENT_PROJECT_VERSION = 1;
				ENABLE_PREVIEWS = YES;
				GENERATE_INFOPLIST_FILE = YES;
				INFOPLIST_KEY_UIApplicationSceneManifest_Generation = YES;
				INFOPLIST_KEY_UIApplicationSupportsIndirectInputEvents = YES;
				INFOPLIST_KEY_UILaunchScreen_Generation = YES;
				INFOPLIST_KEY_UISupportedInterfaceOrientations_iPad = "UIInterfaceOrientationPortrait UIInterfaceOrientationPortraitUpsideDown UIInterfaceOrientationLandscapeLeft UIInterfaceOrientationLandscapeRight";
				INFOPLIST_KEY_UISupportedInterfaceOrientations_iPhone = "UIInterfaceOrientationPortrait UIInterfaceOrientationLandscapeLeft UIInterfaceOrientationLandscapeRight";
				LD_RUNPATH_SEARCH_PATHS = (
					"$(inherited)",
					"@executable_path/Frameworks",
				);
				MARKETING_VERSION = 1.0;
				PRODUCT_BUNDLE_IDENTIFIER = com.example.StudentProfile;
				PRODUCT_NAME = "$(TARGET_NAME)";
				STRING_CATALOG_GENERATE_SYMBOLS = YES;
				SWIFT_APPROACHABLE_CONCURRENCY = YES;
				SWIFT_DEFAULT_ACTOR_ISOLATION = MainActor;
				SWIFT_EMIT_LOC_STRINGS = YES;
				SWIFT_UPCOMING_FEATURE_MEMBER_IMPORT_VISIBILITY = YES;
				SWIFT_VERSION = 5.0;
				TARGETED_DEVICE_FAMILY = "1,2";
			};
			name = Debug;
		};
		AAEBDF4B305A728C00FC50A7 /* Release */ = {
			isa = XCBuildConfiguration;
			buildSettings = {
				ASSETCATALOG_COMPILER_APPICON_NAME = AppIcon;
				ASSETCATALOG_COMPILER_GLOBAL_ACCENT_COLOR_NAME = AccentColor;
				CODE_SIGN_STYLE = Automatic;
				CURRENT_PROJECT_VERSION = 1;
				ENABLE_PREVIEWS = YES;
				GENERATE_INFOPLIST_FILE = YES;
				INFOPLIST_KEY_UIApplicationSceneManifest_Generation = YES;
				INFOPLIST_KEY_UIApplicationSupportsIndirectInputEvents = YES;
				INFOPLIST_KEY_UILaunchScreen_Generation = YES;
				INFOPLIST_KEY_UISupportedInterfaceOrientations_iPad = "UIInterfaceOrientationPortrait UIInterfaceOrientationPortraitUpsideDown UIInterfaceOrientationLandscapeLeft UIInterfaceOrientationLandscapeRight";
				INFOPLIST_KEY_UISupportedInterfaceOrientations_iPhone = "UIInterfaceOrientationPortrait UIInterfaceOrientationLandscapeLeft UIInterfaceOrientationLandscapeRight";
				LD_RUNPATH_SEARCH_PATHS = (
					"$(inherited)",
					"@executable_path/Frameworks",
				);
				MARKETING_VERSION = 1.0;
				PRODUCT_BUNDLE_IDENTIFIER = com.example.StudentProfile;
				PRODUCT_NAME = "$(TARGET_NAME)";
				STRING_CATALOG_GENERATE_SYMBOLS = YES;
				SWIFT_APPROACHABLE_CONCURRENCY = YES;
				SWIFT_DEFAULT_ACTOR_ISOLATION = MainActor;
				SWIFT_EMIT_LOC_STRINGS = YES;
				SWIFT_UPCOMING_FEATURE_MEMBER_IMPORT_VISIBILITY = YES;
				SWIFT_VERSION = 5.0;
				TARGETED_DEVICE_FAMILY = "1,2";
			};
			name = Release;
		};
		AAEBDF4D305A728C00FC50A7 /* Debug */ = {
			isa = XCBuildConfiguration;
			buildSettings = {
				BUNDLE_LOADER = "$(TEST_HOST)";
				CODE_SIGN_STYLE = Automatic;
				CURRENT_PROJECT_VERSION = 1;
				GENERATE_INFOPLIST_FILE = YES;
				IPHONEOS_DEPLOYMENT_TARGET = 26.2;
				MARKETING_VERSION = 1.0;
				PRODUCT_BUNDLE_IDENTIFIER = com.example.StudentProfileTests;
				PRODUCT_NAME = "$(TARGET_NAME)";
				STRING_CATALOG_GENERATE_SYMBOLS = NO;
				SWIFT_APPROACHABLE_CONCURRENCY = YES;
				SWIFT_EMIT_LOC_STRINGS = NO;
				SWIFT_UPCOMING_FEATURE_MEMBER_IMPORT_VISIBILITY = YES;
				SWIFT_VERSION = 5.0;
				TARGETED_DEVICE_FAMILY = "1,2";
				TEST_HOST = "$(BUILT_PRODUCTS_DIR)/StudentProfile.app/$(BUNDLE_EXECUTABLE_FOLDER_PATH)/StudentProfile";
			};
			name = Debug;
		};
		AAEBDF4E305A728C00FC50A7 /* Release */ = {
			isa = XCBuildConfiguration;
			buildSettings = {
				BUNDLE_LOADER = "$(TEST_HOST)";
				CODE_SIGN_STYLE = Automatic;
				CURRENT_PROJECT_VERSION = 1;
				GENERATE_INFOPLIST_FILE = YES;
				IPHONEOS_DEPLOYMENT_TARGET = 26.2;
				MARKETING_VERSION = 1.0;
				PRODUCT_BUNDLE_IDENTIFIER = com.example.StudentProfileTests;
				PRODUCT_NAME = "$(TARGET_NAME)";
				STRING_CATALOG_GENERATE_SYMBOLS = NO;
				SWIFT_APPROACHABLE_CONCURRENCY = YES;
				SWIFT_EMIT_LOC_STRINGS = NO;
				SWIFT_UPCOMING_FEATURE_MEMBER_IMPORT_VISIBILITY = YES;
				SWIFT_VERSION = 5.0;
				TARGETED_DEVICE_FAMILY = "1,2";
				TEST_HOST = "$(BUILT_PRODUCTS_DIR)/StudentProfile.app/$(BUNDLE_EXECUTABLE_FOLDER_PATH)/StudentProfile";
			};
			name = Release;
		};
		AAEBDF50305A728C00FC50A7 /* Debug */ = {
			isa = XCBuildConfiguration;
			buildSettings = {
				CODE_SIGN_STYLE = Automatic;
				CURRENT_PROJECT_VERSION = 1;
				GENERATE_INFOPLIST_FILE = YES;
				MARKETING_VERSION = 1.0;
				PRODUCT_BUNDLE_IDENTIFIER = com.example.StudentProfileUITests;
				PRODUCT_NAME = "$(TARGET_NAME)";
				STRING_CATALOG_GENERATE_SYMBOLS = NO;
				SWIFT_APPROACHABLE_CONCURRENCY = YES;
				SWIFT_EMIT_LOC_STRINGS = NO;
				SWIFT_UPCOMING_FEATURE_MEMBER_IMPORT_VISIBILITY = YES;
				SWIFT_VERSION = 5.0;
				TARGETED_DEVICE_FAMILY = "1,2";
				TEST_TARGET_NAME = StudentProfile;
			};
			name = Debug;
		};
		AAEBDF51305A728C00FC50A7 /* Release */ = {
			isa = XCBuildConfiguration;
			buildSettings = {
				CODE_SIGN_STYLE = Automatic;
				CURRENT_PROJECT_VERSION = 1;
				GENERATE_INFOPLIST_FILE = YES;
				MARKETING_VERSION = 1.0;
				PRODUCT_BUNDLE_IDENTIFIER = com.example.StudentProfileUITests;
				PRODUCT_NAME = "$(TARGET_NAME)";
				STRING_CATALOG_GENERATE_SYMBOLS = NO;
				SWIFT_APPROACHABLE_CONCURRENCY = YES;
				SWIFT_EMIT_LOC_STRINGS = NO;
				SWIFT_UPCOMING_FEATURE_MEMBER_IMPORT_VISIBILITY = YES;
				SWIFT_VERSION = 5.0;
				TARGETED_DEVICE_FAMILY = "1,2";
				TEST_TARGET_NAME = StudentProfile;
			};
			name = Release;
		};
/* End XCBuildConfiguration section */

/* Begin XCConfigurationList section */
		AAEBDF21305A728B00FC50A7 /* Build configuration list for PBXProject "StudentProfile" */ = {
			isa = XCConfigurationList;
			buildConfigurations = (
				AAEBDF47305A728C00FC50A7 /* Debug */,
				AAEBDF48305A728C00FC50A7 /* Release */,
			);
			defaultConfigurationIsVisible = 0;
			defaultConfigurationName = Release;
		};
		AAEBDF49305A728C00FC50A7 /* Build configuration list for PBXNativeTarget "StudentProfile" */ = {
			isa = XCConfigurationList;
			buildConfigurations = (
				AAEBDF4A305A728C00FC50A7 /* Debug */,
				AAEBDF4B305A728C00FC50A7 /* Release */,
			);
			defaultConfigurationIsVisible = 0;
			defaultConfigurationName = Release;
		};
		AAEBDF4C305A728C00FC50A7 /* Build configuration list for PBXNativeTarget "StudentProfileTests" */ = {
			isa = XCConfigurationList;
			buildConfigurations = (
				AAEBDF4D305A728C00FC50A7 /* Debug */,
				AAEBDF4E305A728C00FC50A7 /* Release */,
			);
			defaultConfigurationIsVisible = 0;
			defaultConfigurationName = Release;
		};
		AAEBDF4F305A728C00FC50A7 /* Build configuration list for PBXNativeTarget "StudentProfileUITests" */ = {
			isa = XCConfigurationList;
			buildConfigurations = (
				AAEBDF50305A728C00FC50A7 /* Debug */,
				AAEBDF51305A728C00FC50A7 /* Release */,
			);
			defaultConfigurationIsVisible = 0;
			defaultConfigurationName = Release;
		};
/* End XCConfigurationList section */
	};
	rootObject = AAEBDF1E305A728B00FC50A7 /* Project object */;
}
