// !$*UTF8*$!
{
	archiveVersion = 1;
	classes = {
	};
	objectVersion = 77;
	objects = {

/* Begin PBXBuildFile section */
		AAEBDFB1305AA36F00FC50A7 /* readme.md in Resources */ = {isa = PBXBuildFile; fileRef = AAEBDFB0305AA35600FC50A7 /* readme.md */; };
/* End PBXBuildFile section */

/* Begin PBXContainerItemProxy section */
		AAEBDF81305A984C00FC50A7 /* PBXContainerItemProxy */ = {
			isa = PBXContainerItemProxy;
			containerPortal = AAEBDF69305A984B00FC50A7 /* Project object */;
			proxyType = 1;
			remoteGlobalIDString = AAEBDF70305A984B00FC50A7;
			remoteInfo = StudentCard;
		};
		AAEBDF8B305A984C00FC50A7 /* PBXContainerItemProxy */ = {
			isa = PBXContainerItemProxy;
			containerPortal = AAEBDF69305A984B00FC50A7 /* Project object */;
			proxyType = 1;
			remoteGlobalIDString = AAEBDF70305A984B00FC50A7;
			remoteInfo = StudentCard;
		};
/* End PBXContainerItemProxy section */

/* Begin PBXFileReference section */
		AAEBDF71305A984B00FC50A7 /* StudentCard.app */ = {isa = PBXFileReference; explicitFileType = wrapper.application; includeInIndex = 0; path = StudentCard.app; sourceTree = BUILT_PRODUCTS_DIR; };
		AAEBDF80305A984C00FC50A7 /* StudentCardTests.xctest */ = {isa = PBXFileReference; explicitFileType = wrapper.cfbundle; includeInIndex = 0; path = StudentCardTests.xctest; sourceTree = BUILT_PRODUCTS_DIR; };
		AAEBDF8A305A984C00FC50A7 /* StudentCardUITests.xctest */ = {isa = PBXFileReference; explicitFileType = wrapper.cfbundle; includeInIndex = 0; path = StudentCardUITests.xctest; sourceTree = BUILT_PRODUCTS_DIR; };
		AAEBDFB0305AA35600FC50A7 /* readme.md */ = {isa = PBXFileReference; lastKnownFileType = net.daringfireball.markdown; path = readme.md; sourceTree = "<group>"; };
/* End PBXFileReference section */

/* Begin PBXFileSystemSynchronizedRootGroup section */
		AAEBDF73305A984B00FC50A7 /* StudentCard */ = {
			isa = PBXFileSystemSynchronizedRootGroup;
			path = StudentCard;
			sourceTree = "<group>";
		};
		AAEBDF83305A984C00FC50A7 /* StudentCardTests */ = {
			isa = PBXFileSystemSynchronizedRootGroup;
			path = StudentCardTests;
			sourceTree = "<group>";
		};
		AAEBDF8D305A984C00FC50A7 /* StudentCardUITests */ = {
			isa = PBXFileSystemSynchronizedRootGroup;
			path = StudentCardUITests;
			sourceTree = "<group>";
		};
/* End PBXFileSystemSynchronizedRootGroup section */

/* Begin PBXFrameworksBuildPhase section */
		AAEBDF6E305A984B00FC50A7 /* Frameworks */ = {
			isa = PBXFrameworksBuildPhase;
			buildActionMask = 2147483647;
			files = (
			);
			runOnlyForDeploymentPostprocessing = 0;
		};
		AAEBDF7D305A984C00FC50A7 /* Frameworks */ = {
			isa = PBXFrameworksBuildPhase;
			buildActionMask = 2147483647;
			files = (
			);
			runOnlyForDeploymentPostprocessing = 0;
		};
		AAEBDF87305A984C00FC50A7 /* Frameworks */ = {
			isa = PBXFrameworksBuildPhase;
			buildActionMask = 2147483647;
			files = (
			);
			runOnlyForDeploymentPostprocessing = 0;
		};
/* End PBXFrameworksBuildPhase section */

/* Begin PBXGroup section */
		AAEBDF68305A984B00FC50A7 = {
			isa = PBXGroup;
			children = (
				AAEBDF73305A984B00FC50A7 /* StudentCard */,
				AAEBDF83305A984C00FC50A7 /* StudentCardTests */,
				AAEBDF8D305A984C00FC50A7 /* StudentCardUITests */,
				AAEBDF72305A984B00FC50A7 /* Products */,
				AAEBDFB0305AA35600FC50A7 /* readme.md */,
			);
			sourceTree = "<group>";
		};
		AAEBDF72305A984B00FC50A7 /* Products */ = {
			isa = PBXGroup;
			children = (
				AAEBDF71305A984B00FC50A7 /* StudentCard.app */,
				AAEBDF80305A984C00FC50A7 /* StudentCardTests.xctest */,
				AAEBDF8A305A984C00FC50A7 /* StudentCardUITests.xctest */,
			);
			name = Products;
			sourceTree = "<group>";
		};
/* End PBXGroup section */

/* Begin PBXNativeTarget section */
		AAEBDF70305A984B00FC50A7 /* StudentCard */ = {
			isa = PBXNativeTarget;
			buildConfigurationList = AAEBDF94305A984C00FC50A7 /* Build configuration list for PBXNativeTarget "StudentCard" */;
			buildPhases = (
				AAEBDF6D305A984B00FC50A7 /* Sources */,
				AAEBDF6E305A984B00FC50A7 /* Frameworks */,
				AAEBDF6F305A984B00FC50A7 /* Resources */,
			);
			buildRules = (
			);
			dependencies = (
			);
			fileSystemSynchronizedGroups = (
				AAEBDF73305A984B00FC50A7 /* StudentCard */,
			);
			name = StudentCard;
			packageProductDependencies = (
			);
			productName = StudentCard;
			productReference = AAEBDF71305A984B00FC50A7 /* StudentCard.app */;
			productType = "com.apple.product-type.application";
		};
		AAEBDF7F305A984C00FC50A7 /* StudentCardTests */ = {
			isa = PBXNativeTarget;
			buildConfigurationList = AAEBDF97305A984C00FC50A7 /* Build configuration list for PBXNativeTarget "StudentCardTests" */;
			buildPhases = (
				AAEBDF7C305A984C00FC50A7 /* Sources */,
				AAEBDF7D305A984C00FC50A7 /* Frameworks */,
				AAEBDF7E305A984C00FC50A7 /* Resources */,
			);
			buildRules = (
			);
			dependencies = (
				AAEBDF82305A984C00FC50A7 /* PBXTargetDependency */,
			);
			fileSystemSynchronizedGroups = (
				AAEBDF83305A984C00FC50A7 /* StudentCardTests */,
			);
			name = StudentCardTests;
			packageProductDependencies = (
			);
			productName = StudentCardTests;
			productReference = AAEBDF80305A984C00FC50A7 /* StudentCardTests.xctest */;
			productType = "com.apple.product-type.bundle.unit-test";
		};
		AAEBDF89305A984C00FC50A7 /* StudentCardUITests */ = {
			isa = PBXNativeTarget;
			buildConfigurationList = AAEBDF9A305A984C00FC50A7 /* Build configuration list for PBXNativeTarget "StudentCardUITests" */;
			buildPhases = (
				AAEBDF86305A984C00FC50A7 /* Sources */,
				AAEBDF87305A984C00FC50A7 /* Frameworks */,
				AAEBDF88305A984C00FC50A7 /* Resources */,
			);
			buildRules = (
			);
			dependencies = (
				AAEBDF8C305A984C00FC50A7 /* PBXTargetDependency */,
			);
			fileSystemSynchronizedGroups = (
				AAEBDF8D305A984C00FC50A7 /* StudentCardUITests */,
			);
			name = StudentCardUITests;
			packageProductDependencies = (
			);
			productName = StudentCardUITests;
			productReference = AAEBDF8A305A984C00FC50A7 /* StudentCardUITests.xctest */;
			productType = "com.apple.product-type.bundle.ui-testing";
		};
/* End PBXNativeTarget section */

/* Begin PBXProject section */
		AAEBDF69305A984B00FC50A7 /* Project object */ = {
			isa = PBXProject;
			attributes = {
				BuildIndependentTargetsInParallel = 1;
				LastSwiftUpdateCheck = 2630;
				LastUpgradeCheck = 2630;
				TargetAttributes = {
					AAEBDF70305A984B00FC50A7 = {
						CreatedOnToolsVersion = 26.3;
					};
					AAEBDF7F305A984C00FC50A7 = {
						CreatedOnToolsVersion = 26.3;
						TestTargetID = AAEBDF70305A984B00FC50A7;
					};
					AAEBDF89305A984C00FC50A7 = {
						CreatedOnToolsVersion = 26.3;
						TestTargetID = AAEBDF70305A984B00FC50A7;
					};
				};
			};
			buildConfigurationList = AAEBDF6C305A984B00FC50A7 /* Build configuration list for PBXProject "StudentCard" */;
			developmentRegion = en;
			hasScannedForEncodings = 0;
			knownRegions = (
				en,
				Base,
			);
			mainGroup = AAEBDF68305A984B00FC50A7;
			minimizedProjectReferenceProxies = 1;
			preferredProjectObjectVersion = 77;
			productRefGroup = AAEBDF72305A984B00FC50A7 /* Products */;
			projectDirPath = "";
			projectRoot = "";
			targets = (
				AAEBDF70305A984B00FC50A7 /* StudentCard */,
				AAEBDF7F305A984C00FC50A7 /* StudentCardTests */,
				AAEBDF89305A984C00FC50A7 /* StudentCardUITests */,
			);
		};
/* End PBXProject section */

/* Begin PBXResourcesBuildPhase section */
		AAEBDF6F305A984B00FC50A7 /* Resources */ = {
			isa = PBXResourcesBuildPhase;
			buildActionMask = 2147483647;
			files = (
				AAEBDFB1305AA36F00FC50A7 /* readme.md in Resources */,
			);
			runOnlyForDeploymentPostprocessing = 0;
		};
		AAEBDF7E305A984C00FC50A7 /* Resources */ = {
			isa = PBXResourcesBuildPhase;
			buildActionMask = 2147483647;
			files = (
			);
			runOnlyForDeploymentPostprocessing = 0;
		};
		AAEBDF88305A984C00FC50A7 /* Resources */ = {
			isa = PBXResourcesBuildPhase;
			buildActionMask = 2147483647;
			files = (
			);
			runOnlyForDeploymentPostprocessing = 0;
		};
/* End PBXResourcesBuildPhase section */

/* Begin PBXSourcesBuildPhase section */
		AAEBDF6D305A984B00FC50A7 /* Sources */ = {
			isa = PBXSourcesBuildPhase;
			buildActionMask = 2147483647;
			files = (
			);
			runOnlyForDeploymentPostprocessing = 0;
		};
		AAEBDF7C305A984C00FC50A7 /* Sources */ = {
			isa = PBXSourcesBuildPhase;
			buildActionMask = 2147483647;
			files = (
			);
			runOnlyForDeploymentPostprocessing = 0;
		};
		AAEBDF86305A984C00FC50A7 /* Sources */ = {
			isa = PBXSourcesBuildPhase;
			buildActionMask = 2147483647;
			files = (
			);
			runOnlyForDeploymentPostprocessing = 0;
		};
/* End PBXSourcesBuildPhase section */

/* Begin PBXTargetDependency section */
		AAEBDF82305A984C00FC50A7 /* PBXTargetDependency */ = {
			isa = PBXTargetDependency;
			target = AAEBDF70305A984B00FC50A7 /* StudentCard */;
			targetProxy = AAEBDF81305A984C00FC50A7 /* PBXContainerItemProxy */;
		};
		AAEBDF8C305A984C00FC50A7 /* PBXTargetDependency */ = {
			isa = PBXTargetDependency;
			target = AAEBDF70305A984B00FC50A7 /* StudentCard */;
			targetProxy = AAEBDF8B305A984C00FC50A7 /* PBXContainerItemProxy */;
		};
/* End PBXTargetDependency section */

/* Begin XCBuildConfiguration section */
		AAEBDF92305A984C00FC50A7 /* Debug */ = {
			isa = XCBuildConfiguration;
			buildSettings = {
				ALWAYS_SEARCH_USER_PATHS = NO;
				ASSETCATALOG_COMPILER_GENERATE_SWIFT_ASSET_SYMBOL_EXTENSIONS = YES;
				CLANG_ANALYZER_NONNULL = YES;
				CLANG_ANALYZER_NUMBER_OBJECT_CONVERSION = YES_AGGRESSIVE;
				CLANG_CXX_LANGUAGE_STANDARD = "gnu++20";
				CLANG_ENABLE_MODULES = YES;
				CLANG_ENABLE_OBJC_ARC = YES;
				CLANG_ENABLE_OBJC_WEAK = YES;
				CLANG_WARN_BLOCK_CAPTURE_AUTORELEASING = YES;
				CLANG_WARN_BOOL_CONVERSION = YES;
				CLANG_WARN_COMMA = YES;
				CLANG_WARN_CONSTANT_CONVERSION = YES;
				CLANG_WARN_DEPRECATED_OBJC_IMPLEMENTATIONS = YES;
				CLANG_WARN_DIRECT_OBJC_ISA_USAGE = YES_ERROR;
				CLANG_WARN_DOCUMENTATION_COMMENTS = YES;
				CLANG_WARN_EMPTY_BODY = YES;
				CLANG_WARN_ENUM_CONVERSION = YES;
				CLANG_WARN_INFINITE_RECURSION = YES;
				CLANG_WARN_INT_CONVERSION = YES;
				CLANG_WARN_NON_LITERAL_NULL_CONVERSION = YES;
				CLANG_WARN_OBJC_IMPLICIT_RETAIN_SELF = YES;
				CLANG_WARN_OBJC_LITERAL_CONVERSION = YES;
				CLANG_WARN_OBJC_ROOT_CLASS = YES_ERROR;
				CLANG_WARN_QUOTED_INCLUDE_IN_FRAMEWORK_HEADER = YES;
				CLANG_WARN_RANGE_LOOP_ANALYSIS = YES;
				CLANG_WARN_STRICT_PROTOTYPES = YES;
				CLANG_WARN_SUSPICIOUS_MOVE = YES;
				CLANG_WARN_UNGUARDED_AVAILABILITY = YES_AGGRESSIVE;
				CLANG_WARN_UNREACHABLE_CODE = YES;
				CLANG_WARN__DUPLICATE_METHOD_MATCH = YES;
				COPY_PHASE_STRIP = NO;
				DEBUG_INFORMATION_FORMAT = dwarf;
				ENABLE_STRICT_OBJC_MSGSEND = YES;
				ENABLE_TESTABILITY = YES;
				ENABLE_USER_SCRIPT_SANDBOXING = YES;
				GCC_C_LANGUAGE_STANDARD = gnu17;
				GCC_DYNAMIC_NO_PIC = NO;
				GCC_NO_COMMON_BLOCKS = YES;
				GCC_OPTIMIZATION_LEVEL = 0;
				GCC_PREPROCESSOR_DEFINITIONS = (
					"DEBUG=1",
					"$(inherited)",
				);
				GCC_WARN_64_TO_32_BIT_CONVERSION = YES;
				GCC_WARN_ABOUT_RETURN_TYPE = YES_ERROR;
				GCC_WARN_UNDECLARED_SELECTOR = YES;
				GCC_WARN_UNINITIALIZED_AUTOS = YES_AGGRESSIVE;
				GCC_WARN_UNUSED_FUNCTION = YES;
				GCC_WARN_UNUSED_VARIABLE = YES;
				IPHONEOS_DEPLOYMENT_TARGET = 26.2;
				LOCALIZATION_PREFERS_STRING_CATALOGS = YES;
				MTL_ENABLE_DEBUG_INFO = INCLUDE_SOURCE;
				MTL_FAST_MATH = YES;
				ONLY_ACTIVE_ARCH = YES;
				SDKROOT = iphoneos;
				SWIFT_ACTIVE_COMPILATION_CONDITIONS = "DEBUG $(inherited)";
				SWIFT_OPTIMIZATION_LEVEL = "-Onone";
			};
			name = Debug;
		};
		AAEBDF93305A984C00FC50A7 /* Release */ = {
			isa = XCBuildConfiguration;
			buildSettings = {
				ALWAYS_SEARCH_USER_PATHS = NO;
				ASSETCATALOG_COMPILER_GENERATE_SWIFT_ASSET_SYMBOL_EXTENSIONS = YES;
				CLANG_ANALYZER_NONNULL = YES;
				CLANG_ANALYZER_NUMBER_OBJECT_CONVERSION = YES_AGGRESSIVE;
				CLANG_CXX_LANGUAGE_STANDARD = "gnu++20";
				CLANG_ENABLE_MODULES = YES;
				CLANG_ENABLE_OBJC_ARC = YES;
				CLANG_ENABLE_OBJC_WEAK = YES;
				CLANG_WARN_BLOCK_CAPTURE_AUTORELEASING = YES;
				CLANG_WARN_BOOL_CONVERSION = YES;
				CLANG_WARN_COMMA = YES;
				CLANG_WARN_CONSTANT_CONVERSION = YES;
				CLANG_WARN_DEPRECATED_OBJC_IMPLEMENTATIONS = YES;
				CLANG_WARN_DIRECT_OBJC_ISA_USAGE = YES_ERROR;
				CLANG_WARN_DOCUMENTATION_COMMENTS = YES;
				CLANG_WARN_EMPTY_BODY = YES;
				CLANG_WARN_ENUM_CONVERSION = YES;
				CLANG_WARN_INFINITE_RECURSION = YES;
				CLANG_WARN_INT_CONVERSION = YES;
				CLANG_WARN_NON_LITERAL_NULL_CONVERSION = YES;
				CLANG_WARN_OBJC_IMPLICIT_RETAIN_SELF = YES;
				CLANG_WARN_OBJC_LITERAL_CONVERSION = YES;
				CLANG_WARN_OBJC_ROOT_CLASS = YES_ERROR;
				CLANG_WARN_QUOTED_INCLUDE_IN_FRAMEWORK_HEADER = YES;
				CLANG_WARN_RANGE_LOOP_ANALYSIS = YES;
				CLANG_WARN_STRICT_PROTOTYPES = YES;
				CLANG_WARN_SUSPICIOUS_MOVE = YES;
				CLANG_WARN_UNGUARDED_AVAILABILITY = YES_AGGRESSIVE;
				CLANG_WARN_UNREACHABLE_CODE = YES;
				CLANG_WARN__DUPLICATE_METHOD_MATCH = YES;
				COPY_PHASE_STRIP = NO;
				DEBUG_INFORMATION_FORMAT = "dwarf-with-dsym";
				ENABLE_NS_ASSERTIONS = NO;
				ENABLE_STRICT_OBJC_MSGSEND = YES;
				ENABLE_USER_SCRIPT_SANDBOXING = YES;
				GCC_C_LANGUAGE_STANDARD = gnu17;
				GCC_NO_COMMON_BLOCKS = YES;
				GCC_WARN_64_TO_32_BIT_CONVERSION = YES;
				GCC_WARN_ABOUT_RETURN_TYPE = YES_ERROR;
				GCC_WARN_UNDECLARED_SELECTOR = YES;
				GCC_WARN_UNINITIALIZED_AUTOS = YES_AGGRESSIVE;
				GCC_WARN_UNUSED_FUNCTION = YES;
				GCC_WARN_UNUSED_VARIABLE = YES;
				IPHONEOS_DEPLOYMENT_TARGET = 26.2;
				LOCALIZATION_PREFERS_STRING_CATALOGS = YES;
				MTL_ENABLE_DEBUG_INFO = NO;
				MTL_FAST_MATH = YES;
				SDKROOT = iphoneos;
				SWIFT_COMPILATION_MODE = wholemodule;
				VALIDATE_PRODUCT = YES;
			};
			name = Release;
		};
		AAEBDF95305A984C00FC50A7 /* Debug */ = {
			isa = XCBuildConfiguration;
			buildSettings = {
				ASSETCATALOG_COMPILER_APPICON_NAME = AppIcon;
				ASSETCATALOG_COMPILER_GLOBAL_ACCENT_COLOR_NAME = AccentColor;
				CODE_SIGN_STYLE = Automatic;
				CURRENT_PROJECT_VERSION = 1;
				ENABLE_PREVIEWS = YES;
				GENERATE_INFOPLIST_FILE = YES;
				INFOPLIST_KEY_UIApplicationSceneManifest_Generation = YES;
				INFOPLIST_KEY_UIApplicationSupportsIndirectInputEvents = YES;
				INFOPLIST_KEY_UILaunchScreen_Generation = YES;
				INFOPLIST_KEY_UISupportedInterfaceOrientations_iPad = "UIInterfaceOrientationPortrait UIInterfaceOrientationPortraitUpsideDown UIInterfaceOrientationLandscapeLeft UIInterfaceOrientationLandscapeRight";
				INFOPLIST_KEY_UISupportedInterfaceOrientations_iPhone = "UIInterfaceOrientationPortrait UIInterfaceOrientationLandscapeLeft UIInterfaceOrientationLandscapeRight";
				LD_RUNPATH_SEARCH_PATHS = (
					"$(inherited)",
					"@executable_path/Frameworks",
				);
				MARKETING_VERSION = 1.0;
				PRODUCT_BUNDLE_IDENTIFIER = com.example.StudentCard;
				PRODUCT_NAME = "$(TARGET_NAME)";
				STRING_CATALOG_GENERATE_SYMBOLS = YES;
				SWIFT_APPROACHABLE_CONCURRENCY = YES;
				SWIFT_DEFAULT_ACTOR_ISOLATION = MainActor;
				SWIFT_EMIT_LOC_STRINGS = YES;
				SWIFT_UPCOMING_FEATURE_MEMBER_IMPORT_VISIBILITY = YES;
				SWIFT_VERSION = 5.0;
				TARGETED_DEVICE_FAMILY = "1,2";
			};
			name = Debug;
		};
		AAEBDF96305A984C00FC50A7 /* Release */ = {
			isa = XCBuildConfiguration;
			buildSettings = {
				ASSETCATALOG_COMPILER_APPICON_NAME = AppIcon;
				ASSETCATALOG_COMPILER_GLOBAL_ACCENT_COLOR_NAME = AccentColor;
				CODE_SIGN_STYLE = Automatic;
				CURRENT_PROJECT_VERSION = 1;
				ENABLE_PREVIEWS = YES;
				GENERATE_INFOPLIST_FILE = YES;
				INFOPLIST_KEY_UIApplicationSceneManifest_Generation = YES;
				INFOPLIST_KEY_UIApplicationSupportsIndirectInputEvents = YES;
				INFOPLIST_KEY_UILaunchScreen_Generation = YES;
				INFOPLIST_KEY_UISupportedInterfaceOrientations_iPad = "UIInterfaceOrientationPortrait UIInterfaceOrientationPortraitUpsideDown UIInterfaceOrientationLandscapeLeft UIInterfaceOrientationLandscapeRight";
				INFOPLIST_KEY_UISupportedInterfaceOrientations_iPhone = "UIInterfaceOrientationPortrait UIInterfaceOrientationLandscapeLeft UIInterfaceOrientationLandscapeRight";
				LD_RUNPATH_SEARCH_PATHS = (
					"$(inherited)",
					"@executable_path/Frameworks",
				);
				MARKETING_VERSION = 1.0;
				PRODUCT_BUNDLE_IDENTIFIER = com.example.StudentCard;
				PRODUCT_NAME = "$(TARGET_NAME)";
				STRING_CATALOG_GENERATE_SYMBOLS = YES;
				SWIFT_APPROACHABLE_CONCURRENCY = YES;
				SWIFT_DEFAULT_ACTOR_ISOLATION = MainActor;
				SWIFT_EMIT_LOC_STRINGS = YES;
				SWIFT_UPCOMING_FEATURE_MEMBER_IMPORT_VISIBILITY = YES;
				SWIFT_VERSION = 5.0;
				TARGETED_DEVICE_FAMILY = "1,2";
			};
			name = Release;
		};
		AAEBDF98305A984C00FC50A7 /* Debug */ = {
			isa = XCBuildConfiguration;
			buildSettings = {
				BUNDLE_LOADER = "$(TEST_HOST)";
				CODE_SIGN_STYLE = Automatic;
				CURRENT_PROJECT_VERSION = 1;
				GENERATE_INFOPLIST_FILE = YES;
				IPHONEOS_DEPLOYMENT_TARGET = 26.2;
				MARKETING_VERSION = 1.0;
				PRODUCT_BUNDLE_IDENTIFIER = com.example.StudentCardTests;
				PRODUCT_NAME = "$(TARGET_NAME)";
				STRING_CATALOG_GENERATE_SYMBOLS = NO;
				SWIFT_APPROACHABLE_CONCURRENCY = YES;
				SWIFT_EMIT_LOC_STRINGS = NO;
				SWIFT_UPCOMING_FEATURE_MEMBER_IMPORT_VISIBILITY = YES;
				SWIFT_VERSION = 5.0;
				TARGETED_DEVICE_FAMILY = "1,2";
				TEST_HOST = "$(BUILT_PRODUCTS_DIR)/StudentCard.app/$(BUNDLE_EXECUTABLE_FOLDER_PATH)/StudentCard";
			};
			name = Debug;
		};
		AAEBDF99305A984C00FC50A7 /* Release */ = {
			isa = XCBuildConfiguration;
			buildSettings = {
				BUNDLE_LOADER = "$(TEST_HOST)";
				CODE_SIGN_STYLE = Automatic;
				CURRENT_PROJECT_VERSION = 1;
				GENERATE_INFOPLIST_FILE = YES;
				IPHONEOS_DEPLOYMENT_TARGET = 26.2;
				MARKETING_VERSION = 1.0;
				PRODUCT_BUNDLE_IDENTIFIER = com.example.StudentCardTests;
				PRODUCT_NAME = "$(TARGET_NAME)";
				STRING_CATALOG_GENERATE_SYMBOLS = NO;
				SWIFT_APPROACHABLE_CONCURRENCY = YES;
				SWIFT_EMIT_LOC_STRINGS = NO;
				SWIFT_UPCOMING_FEATURE_MEMBER_IMPORT_VISIBILITY = YES;
				SWIFT_VERSION = 5.0;
				TARGETED_DEVICE_FAMILY = "1,2";
				TEST_HOST = "$(BUILT_PRODUCTS_DIR)/StudentCard.app/$(BUNDLE_EXECUTABLE_FOLDER_PATH)/StudentCard";
			};
			name = Release;
		};
		AAEBDF9B305A984C00FC50A7 /* Debug */ = {
			isa = XCBuildConfiguration;
			buildSettings = {
				CODE_SIGN_STYLE = Automatic;
				CURRENT_PROJECT_VERSION = 1;
				GENERATE_INFOPLIST_FILE = YES;
				MARKETING_VERSION = 1.0;
				PRODUCT_BUNDLE_IDENTIFIER = com.example.StudentCardUITests;
				PRODUCT_NAME = "$(TARGET_NAME)";
				STRING_CATALOG_GENERATE_SYMBOLS = NO;
				SWIFT_APPROACHABLE_CONCURRENCY = YES;
				SWIFT_EMIT_LOC_STRINGS = NO;
				SWIFT_UPCOMING_FEATURE_MEMBER_IMPORT_VISIBILITY = YES;
				SWIFT_VERSION = 5.0;
				TARGETED_DEVICE_FAMILY = "1,2";
				TEST_TARGET_NAME = StudentCard;
			};
			name = Debug;
		};
		AAEBDF9C305A984C00FC50A7 /* Release */ = {
			isa = XCBuildConfiguration;
			buildSettings = {
				CODE_SIGN_STYLE = Automatic;
				CURRENT_PROJECT_VERSION = 1;
				GENERATE_INFOPLIST_FILE = YES;
				MARKETING_VERSION = 1.0;
				PRODUCT_BUNDLE_IDENTIFIER = com.example.StudentCardUITests;
				PRODUCT_NAME = "$(TARGET_NAME)";
				STRING_CATALOG_GENERATE_SYMBOLS = NO;
				SWIFT_APPROACHABLE_CONCURRENCY = YES;
				SWIFT_EMIT_LOC_STRINGS = NO;
				SWIFT_UPCOMING_FEATURE_MEMBER_IMPORT_VISIBILITY = YES;
				SWIFT_VERSION = 5.0;
				TARGETED_DEVICE_FAMILY = "1,2";
				TEST_TARGET_NAME = StudentCard;
			};
			name = Release;
		};
/* End XCBuildConfiguration section */

/* Begin XCConfigurationList section */
		AAEBDF6C305A984B00FC50A7 /* Build configuration list for PBXProject "StudentCard" */ = {
			isa = XCConfigurationList;
			buildConfigurations = (
				AAEBDF92305A984C00FC50A7 /* Debug */,
				AAEBDF93305A984C00FC50A7 /* Release */,
			);
			defaultConfigurationIsVisible = 0;
			defaultConfigurationName = Release;
		};
		AAEBDF94305A984C00FC50A7 /* Build configuration list for PBXNativeTarget "StudentCard" */ = {
			isa = XCConfigurationList;
			buildConfigurations = (
				AAEBDF95305A984C00FC50A7 /* Debug */,
				AAEBDF96305A984C00FC50A7 /* Release */,
			);
			defaultConfigurationIsVisible = 0;
			defaultConfigurationName = Release;
		};
		AAEBDF97305A984C00FC50A7 /* Build configuration list for PBXNativeTarget "StudentCardTests" */ = {
			isa = XCConfigurationList;
			buildConfigurations = (
				AAEBDF98305A984C00FC50A7 /* Debug */,
				AAEBDF99305A984C00FC50A7 /* Release */,
			);
			defaultConfigurationIsVisible = 0;
			defaultConfigurationName = Release;
		};
		AAEBDF9A305A984C00FC50A7 /* Build configuration list for PBXNativeTarget "StudentCardUITests" */ = {
			isa = XCConfigurationList;
			buildConfigurations = (
				AAEBDF9B305A984C00FC50A7 /* Debug */,
				AAEBDF9C305A984C00FC50A7 /* Release */,
			);
			defaultConfigurationIsVisible = 0;
			defaultConfigurationName = Release;
		};
/* End XCConfigurationList section */
	};
	rootObject = AAEBDF69305A984B00FC50A7 /* Project object */;
}
